
Microsoft Visual Studio Solution File, Format Version 12.00
# Visual Studio Version 16
VisualStudioVersion = 16.0.31105.61
MinimumVisualStudioVersion = 10.0.40219.1
Project("{FAE04EC0-301F-11D3-BF4B-00C04F79EFBC}") = "SQLDatabaseCreator", "SQLDatabaseCreator\SQLDatabaseCreator.csproj", "{F3273640-30D9-4F89-B9A0-714B4E3C5174}"
EndProject
Global
	GlobalSection(SolutionConfigurationPlatforms) = preSolution
		Debug|Any CPU = Debug|Any CPU
		Release|Any CPU = Release|Any CPU
	EndGlobalSection
	GlobalSection(ProjectConfigurationPlatforms) = postSolution
		{F3273640-30D9-4F89-B9A0-714B4E3C5174}.Debug|Any CPU.ActiveCfg = Debug|Any CPU
		{F3273640-30D9-4F89-B9A0-714B4E3C5174}.Debug|Any CPU.Build.0 = Debug|Any CPU
		{F3273640-30D9-4F89-B9A0-714B4E3C5174}.Release|Any CPU.ActiveCfg = Release|Any CPU
		{F3273640-30D9-4F89-B9A0-714B4E3C5174}.Release|Any CPU.Build.0 = Release|Any CPU
	EndGlobalSection
	GlobalSection(SolutionProperties) = preSolution
		HideSolutionNode = FALSE
	EndGlobalSection
	GlobalSection(ExtensibilityGlobals) = postSolution
		SolutionGuid = {9AEA2D25-FA28-4958-BD9F-B1C1C38E914D}
	EndGlobalSection
EndGlobal
